
Microsoft Visual Studio Solution File, Format Version 12.00
# Visual Studio 15
VisualStudioVersion = 15.0.27004.2002
MinimumVisualStudioVersion = 10.0.40219.1
Project("{FAE04EC0-301F-11D3-BF4B-00C04F79EFBC}") = "Core", "Core\Core.csproj", "{B3A07427-C2B5-4492-8CFA-F09EFA9395C8}"
EndProject
Project("{E53339B2-1760-4266-BCC7-CA923CBCF16C}") = "docker-compose", "docker-compose.dcproj", "{201D9616-0DFC-4120-8518-9F9D8C58277D}"
EndProject
Project("{9A19103F-16F7-4668-BE54-9A1E7A4F7556}") = "Webmail.Smtp", "Webmail.Smtp\Webmail.Smtp.csproj", "{C183F55A-3A59-4180-957C-18EFA04819C9}"
EndProject
Project("{FAE04EC0-301F-11D3-BF4B-00C04F79EFBC}") = "Smpt.Tests", "Smpt.Tests\Smpt.Tests.csproj", "{DB6B945C-D01E-4F67-8F65-B3CF2231DE75}"
EndProject
Global
	GlobalSection(SolutionConfigurationPlatforms) = preSolution
		Debug|Any CPU = Debug|Any CPU
		Release|Any CPU = Release|Any CPU
	EndGlobalSection
	GlobalSection(ProjectConfigurationPlatforms) = postSolution
		{5607CA89-E3AB-47F3-9E75-F4F77927FD08}.Debug|Any CPU.ActiveCfg = Debug|Any CPU
		{5607CA89-E3AB-47F3-9E75-F4F77927FD08}.Debug|Any CPU.Build.0 = Debug|Any CPU
		{5607CA89-E3AB-47F3-9E75-F4F77927FD08}.Release|Any CPU.ActiveCfg = Release|Any CPU
		{5607CA89-E3AB-47F3-9E75-F4F77927FD08}.Release|Any CPU.Build.0 = Release|Any CPU
		{815B4673-DAA8-4803-86DE-F5A7872B758D}.Debug|Any CPU.ActiveCfg = Debug|Any CPU
		{815B4673-DAA8-4803-86DE-F5A7872B758D}.Debug|Any CPU.Build.0 = Debug|Any CPU
		{815B4673-DAA8-4803-86DE-F5A7872B758D}.Release|Any CPU.ActiveCfg = Release|Any CPU
		{815B4673-DAA8-4803-86DE-F5A7872B758D}.Release|Any CPU.Build.0 = Release|Any CPU
		{C183F55A-3A59-4180-957C-18EFA04819C9}.Debug|Any CPU.ActiveCfg = Debug|Any CPU
		{C183F55A-3A59-4180-957C-18EFA04819C9}.Debug|Any CPU.Build.0 = Debug|Any CPU
		{C183F55A-3A59-4180-957C-18EFA04819C9}.Release|Any CPU.ActiveCfg = Release|Any CPU
		{C183F55A-3A59-4180-957C-18EFA04819C9}.Release|Any CPU.Build.0 = Release|Any CPU
		{DB6B945C-D01E-4F67-8F65-B3CF2231DE75}.Debug|Any CPU.ActiveCfg = Debug|Any CPU
		{DB6B945C-D01E-4F67-8F65-B3CF2231DE75}.Debug|Any CPU.Build.0 = Debug|Any CPU
		{DB6B945C-D01E-4F67-8F65-B3CF2231DE75}.Release|Any CPU.ActiveCfg = Release|Any CPU
		{DB6B945C-D01E-4F67-8F65-B3CF2231DE75}.Release|Any CPU.Build.0 = Release|Any CPU
		{B3A07427-C2B5-4492-8CFA-F09EFA9395C8}.Debug|Any CPU.ActiveCfg = Debug|Any CPU
		{B3A07427-C2B5-4492-8CFA-F09EFA9395C8}.Debug|Any CPU.Build.0 = Debug|Any CPU
		{B3A07427-C2B5-4492-8CFA-F09EFA9395C8}.Release|Any CPU.ActiveCfg = Release|Any CPU
		{B3A07427-C2B5-4492-8CFA-F09EFA9395C8}.Release|Any CPU.Build.0 = Release|Any CPU
		{201D9616-0DFC-4120-8518-9F9D8C58277D}.Debug|Any CPU.ActiveCfg = Debug|Any CPU
		{201D9616-0DFC-4120-8518-9F9D8C58277D}.Debug|Any CPU.Build.0 = Debug|Any CPU
		{201D9616-0DFC-4120-8518-9F9D8C58277D}.Release|Any CPU.ActiveCfg = Release|Any CPU
		{201D9616-0DFC-4120-8518-9F9D8C58277D}.Release|Any CPU.Build.0 = Release|Any CPU
	EndGlobalSection
	GlobalSection(SolutionProperties) = preSolution
		HideSolutionNode = FALSE
	EndGlobalSection
	GlobalSection(ExtensibilityGlobals) = postSolution
		SolutionGuid = {B042B98A-455D-49C2-A6A4-60E88215CD2F}
	EndGlobalSection
EndGlobal
